
Microsoft Visual Studio Solution File, Format Version 12.00
# Visual Studio Version 16
VisualStudioVersion = 16.0.30128.74
MinimumVisualStudioVersion = 10.0.40219.1
Project("{FAE04EC0-301F-11D3-BF4B-00C04F79EFBC}") = "RecruTaskOne", "RecruTaskOne\RecruTaskOne.csproj", "{D6E554C6-234E-41C8-B37E-21AF47324CA0}"
EndProject
Project("{FAE04EC0-301F-11D3-BF4B-00C04F79EFBC}") = "RecruTaskOneTests", "RecruTaskOneTests\RecruTaskOneTests.csproj", "{39674217-6971-4CE4-A985-58690949984E}"
EndProject
Project("{FAE04EC0-301F-11D3-BF4B-00C04F79EFBC}") = "RecruTaskTwo", "RecruTaskTwo\RecruTaskTwo.csproj", "{EFF900D0-B1EA-4DEC-983A-5F25A05F5E5A}"
EndProject
Global
	GlobalSection(SolutionConfigurationPlatforms) = preSolution
		Debug|Any CPU = Debug|Any CPU
		Release|Any CPU = Release|Any CPU
	EndGlobalSection
	GlobalSection(ProjectConfigurationPlatforms) = postSolution
		{D6E554C6-234E-41C8-B37E-21AF47324CA0}.Debug|Any CPU.ActiveCfg = Debug|Any CPU
		{D6E554C6-234E-41C8-B37E-21AF47324CA0}.Debug|Any CPU.Build.0 = Debug|Any CPU
		{D6E554C6-234E-41C8-B37E-21AF47324CA0}.Release|Any CPU.ActiveCfg = Release|Any CPU
		{D6E554C6-234E-41C8-B37E-21AF47324CA0}.Release|Any CPU.Build.0 = Release|Any CPU
		{39674217-6971-4CE4-A985-58690949984E}.Debug|Any CPU.ActiveCfg = Debug|Any CPU
		{39674217-6971-4CE4-A985-58690949984E}.Debug|Any CPU.Build.0 = Debug|Any CPU
		{39674217-6971-4CE4-A985-58690949984E}.Release|Any CPU.ActiveCfg = Release|Any CPU
		{39674217-6971-4CE4-A985-58690949984E}.Release|Any CPU.Build.0 = Release|Any CPU
		{EFF900D0-B1EA-4DEC-983A-5F25A05F5E5A}.Debug|Any CPU.ActiveCfg = Debug|Any CPU
		{EFF900D0-B1EA-4DEC-983A-5F25A05F5E5A}.Debug|Any CPU.Build.0 = Debug|Any CPU
		{EFF900D0-B1EA-4DEC-983A-5F25A05F5E5A}.Release|Any CPU.ActiveCfg = Release|Any CPU
		{EFF900D0-B1EA-4DEC-983A-5F25A05F5E5A}.Release|Any CPU.Build.0 = Release|Any CPU
	EndGlobalSection
	GlobalSection(SolutionProperties) = preSolution
		HideSolutionNode = FALSE
	EndGlobalSection
	GlobalSection(ExtensibilityGlobals) = postSolution
		SolutionGuid = {C9ADC7F7-AA21-4141-AED8-4900911A7618}
	EndGlobalSection
EndGlobal
